<?xml version="1.0" encoding="utf-8"?>
<Project ToolsVersion="4.0" xmlns="http://schemas.microsoft.com/developer/msbuild/2003">
  <ItemGroup>
    <Filter Include="include">
      <UniqueIdentifier>{e942e6c0-aecc-4300-82f9-8604528abb4a}</UniqueIdentifier>
    </Filter>
    <Filter Include="include\Core">
      <UniqueIdentifier>{671fa10f-54c9-4cba-bbd2-fe66e1b82757}</UniqueIdentifier>
    </Filter>
    <Filter Include="include\App">
      <UniqueIdentifier>{c557d7b9-8c25-47b3-b3c5-cb10eed3b539}</UniqueIdentifier>
    </Filter>
    <Filter Include="src">
      <UniqueIdentifier>{6005458c-0321-414e-a064-4ab81fe0c620}</UniqueIdentifier>
    </Filter>
    <Filter Include="src\App">
      <UniqueIdentifier>{6a8b6dc7-fd9b-47b8-9ea7-cd29e923fa53}</UniqueIdentifier>
    </Filter>
    <Filter Include="src\Core">
      <UniqueIdentifier>{8d565f2f-5159-49b2-91cd-cc93b0c1f192}</UniqueIdentifier>
    </Filter>
    <Filter Include="src\Shaders">
      <UniqueIdentifier>{002822d3-ce69-48d0-8103-a988cb18c2b6}</UniqueIdentifier>
    </Filter>
    <Filter Include="include\Resource">
      <UniqueIdentifier>{6db0bd46-1a8d-4a85-ae44-78b9465ec7d5}</UniqueIdentifier>
    </Filter>
    <Filter Include="src\Resource">
      <UniqueIdentifier>{0eb736c0-6403-4d83-b907-65c47c65ae79}</UniqueIdentifier>
    </Filter>
    <Filter Include="include\Scene">
      <UniqueIdentifier>{41126e71-1980-430f-aa1e-1528ae30d80b}</UniqueIdentifier>
    </Filter>
    <Filter Include="src\Scene">
      <UniqueIdentifier>{eb072dfe-f29f-4d96-920c-fe6a3d4f593d}</UniqueIdentifier>
    </Filter>
  </ItemGroup>
  <ItemGroup>
    <ClCompile Include="src\App\main.cpp">
      <Filter>src\App</Filter>
    </ClCompile>
    <ClCompile Include="src\App\Window.cpp">
      <Filter>src\App</Filter>
    </ClCompile>
    <ClCompile Include="src\Core\D3DDevice.cpp">
      <Filter>src\Core</Filter>
    </ClCompile>
    <ClCompile Include="src\Core\CommandQueue.cpp">
      <Filter>src\Core</Filter>
    </ClCompile>
    <ClCompile Include="src\Core\CommandList.cpp">
      <Filter>src\Core</Filter>
    </ClCompile>
    <ClCompile Include="src\Core\SwapChain.cpp">
      <Filter>src\Core</Filter>
    </ClCompile>
    <ClCompile Include="src\Core\PipelineState.cpp">
      <Filter>src\Core</Filter>
    </ClCompile>
    <ClCompile Include="src\Core\RootSignature.cpp">
      <Filter>src\Core</Filter>
    </ClCompile>
    <ClCompile Include="src\Core\Renderer.cpp">
      <Filter>src\Core</Filter>
    </ClCompile>
    <ClCompile Include="src\App\Timer.cpp">
      <Filter>src\App</Filter>
    </ClCompile>
    <ClCompile Include="src\Resource\GeometryGenerator.cpp">
      <Filter>src\Resource</Filter>
    </ClCompile>
    <ClCompile Include="src\Resource\Mesh.cpp">
      <Filter>src\Resource</Filter>
    </ClCompile>
    <ClCompile Include="src\Scene\Camera.cpp">
      <Filter>src\Scene</Filter>
    </ClCompile>
    <ClCompile Include="src\App\InputManager.cpp">
      <Filter>src\App</Filter>
    </ClCompile>
  </ItemGroup>
  <ItemGroup>
    <ClInclude Include="include\Core\D3DUtil.h">
      <Filter>include\Core</Filter>
    </ClInclude>
    <ClInclude Include="include\App\Window.h">
      <Filter>include\App</Filter>
    </ClInclude>
    <ClInclude Include="include\Core\D3DDevice.h">
      <Filter>include\Core</Filter>
    </ClInclude>
    <ClInclude Include="include\Core\CommandQueue.h">
      <Filter>include\Core</Filter>
    </ClInclude>
    <ClInclude Include="include\Core\CommandList.h">
      <Filter>include\Core</Filter>
    </ClInclude>
    <ClInclude Include="include\Core\SwapChain.h">
      <Filter>include\Core</Filter>
    </ClInclude>
    <ClInclude Include="include\Core\PipelineState.h">
      <Filter>include\Core</Filter>
    </ClInclude>
    <ClInclude Include="include\Core\RootSignature.h">
      <Filter>include\Core</Filter>
    </ClInclude>
    <ClInclude Include="include\Core\Renderer.h">
      <Filter>include\Core</Filter>
    </ClInclude>
    <ClInclude Include="include\App\Timer.h">
      <Filter>include\App</Filter>
    </ClInclude>
    <ClInclude Include="include\Resource\FrameResource.h">
      <Filter>include\Resource</Filter>
    </ClInclude>
    <ClInclude Include="include\Resource\UploadBuffer.h">
      <Filter>include\Resource</Filter>
    </ClInclude>
    <ClInclude Include="include\Core\MathHelper.h">
      <Filter>include\Core</Filter>
    </ClInclude>
    <ClInclude Include="include\Resource\GeometryGenerator.h">
      <Filter>include\Resource</Filter>
    </ClInclude>
    <ClInclude Include="include\Resource\Mesh.h">
      <Filter>include\Resource</Filter>
    </ClInclude>
    <ClInclude Include="include\Resource\Vertex.h">
      <Filter>include\Resource</Filter>
    </ClInclude>
    <ClInclude Include="include\Scene\Camera.h">
      <Filter>include\Scene</Filter>
    </ClInclude>
    <ClInclude Include="include\Scene\InputManager.h">
      <Filter>include\Scene</Filter>
    </ClInclude>
    <ClInclude Include="include\App\InputManager.h">
      <Filter>include\App</Filter>
    </ClInclude>
  </ItemGroup>
  <ItemGroup>
    <FxCompile Include="src\Shaders\Triangle.hlsl">
      <Filter>src\Shaders</Filter>
    </FxCompile>
    <FxCompile Include="src\Shaders\Default.hlsl">
      <Filter>src\Shaders</Filter>
    </FxCompile>
  </ItemGroup>
</Project>