<?xml version="1.0" encoding="utf-8"?>
<Project ToolsVersion="4.0" xmlns="http://schemas.microsoft.com/developer/msbuild/2003">
  <ItemGroup>
    <Filter Include="include">
      <UniqueIdentifier>{e942e6c0-aecc-4300-82f9-8604528abb4a}</UniqueIdentifier>
    </Filter>
    <Filter Include="include\Core">
      <UniqueIdentifier>{671fa10f-54c9-4cba-bbd2-fe66e1b82757}</UniqueIdentifier>
    </Filter>
    <Filter Include="include\App">
      <UniqueIdentifier>{c557d7b9-8c25-47b3-b3c5-cb10eed3b539}</UniqueIdentifier>
    </Filter>
    <Filter Include="src">
      <UniqueIdentifier>{6005458c-0321-414e-a064-4ab81fe0c620}</UniqueIdentifier>
    </Filter>
    <Filter Include="src\App">
      <UniqueIdentifier>{6a8b6dc7-fd9b-47b8-9ea7-cd29e923fa53}</UniqueIdentifier>
    </Filter>
    <Filter Include="src\Core">
      <UniqueIdentifier>{8d565f2f-5159-49b2-91cd-cc93b0c1f192}</UniqueIdentifier>
    </Filter>
    <Filter Include="src\Shaders">
      <UniqueIdentifier>{002822d3-ce69-48d0-8103-a988cb18c2b6}</UniqueIdentifier>
    </Filter>
    <Filter Include="include\Resource">
      <UniqueIdentifier>{6db0bd46-1a8d-4a85-ae44-78b9465ec7d5}</UniqueIdentifier>
    </Filter>
    <Filter Include="src\Resource">
      <UniqueIdentifier>{0eb736c0-6403-4d83-b907-65c47c65ae79}</UniqueIdentifier>
    </Filter>
    <Filter Include="include\Scene">
      <UniqueIdentifier>{41126e71-1980-430f-aa1e-1528ae30d80b}</UniqueIdentifier>
    </Filter>
    <Filter Include="src\Scene">
      <UniqueIdentifier>{eb072dfe-f29f-4d96-920c-fe6a3d4f593d}</UniqueIdentifier>
    </Filter>
    <Filter Include="include\Shaders">
      <UniqueIdentifier>{28b4445b-7f0e-490c-bc9e-72909f3f4a30}</UniqueIdentifier>
    </Filter>
    <Filter Include="include\Pass">
      <UniqueIdentifier>{4ba721c7-a926-4b11-ba56-b164ba3b086d}</UniqueIdentifier>
    </Filter>
    <Filter Include="src\Pass">
      <UniqueIdentifier>{17a35b7c-ca0c-43e9-9aab-a4007619daa1}</UniqueIdentifier>
    </Filter>
    <Filter Include="imgui">
      <UniqueIdentifier>{15c6b198-3d05-4b31-9d13-c63db14b65a9}</UniqueIdentifier>
    </Filter>
    <Filter Include="assets">
      <UniqueIdentifier>{e984f5fe-f7f8-425c-9031-93dd68873880}</UniqueIdentifier>
    </Filter>
    <Filter Include="include\ThirdParty">
      <UniqueIdentifier>{e0bf863c-e6f6-4f84-947c-3600fc714f52}</UniqueIdentifier>
    </Filter>
  </ItemGroup>
  <ItemGroup>
    <ClCompile Include="src\App\main.cpp">
      <Filter>src\App</Filter>
    </ClCompile>
    <ClCompile Include="src\App\Window.cpp">
      <Filter>src\App</Filter>
    </ClCompile>
    <ClCompile Include="src\Core\D3DDevice.cpp">
      <Filter>src\Core</Filter>
    </ClCompile>
    <ClCompile Include="src\Core\CommandQueue.cpp">
      <Filter>src\Core</Filter>
    </ClCompile>
    <ClCompile Include="src\Core\CommandList.cpp">
      <Filter>src\Core</Filter>
    </ClCompile>
    <ClCompile Include="src\Core\SwapChain.cpp">
      <Filter>src\Core</Filter>
    </ClCompile>
    <ClCompile Include="src\Core\PipelineState.cpp">
      <Filter>src\Core</Filter>
    </ClCompile>
    <ClCompile Include="src\Core\RootSignature.cpp">
      <Filter>src\Core</Filter>
    </ClCompile>
    <ClCompile Include="src\App\Timer.cpp">
      <Filter>src\App</Filter>
    </ClCompile>
    <ClCompile Include="src\Resource\GeometryGenerator.cpp">
      <Filter>src\Resource</Filter>
    </ClCompile>
    <ClCompile Include="src\Resource\Mesh.cpp">
      <Filter>src\Resource</Filter>
    </ClCompile>
    <ClCompile Include="src\Scene\Camera.cpp">
      <Filter>src\Scene</Filter>
    </ClCompile>
    <ClCompile Include="src\App\InputManager.cpp">
      <Filter>src\App</Filter>
    </ClCompile>
    <ClCompile Include="src\Pass\ForwardPass.cpp">
      <Filter>src\Pass</Filter>
    </ClCompile>
    <ClCompile Include="src\Scene\Scene.cpp">
      <Filter>src\Scene</Filter>
    </ClCompile>
    <ClCompile Include="src\Core\DescriptorHeap.cpp">
      <Filter>src\Core</Filter>
    </ClCompile>
    <ClCompile Include="src\Renderer.cpp">
      <Filter>src</Filter>
    </ClCompile>
    <ClCompile Include="src\Pass\ShadowPass.cpp">
      <Filter>src\Pass</Filter>
    </ClCompile>
    <ClCompile Include="imgui\imgui.cpp">
      <Filter>imgui</Filter>
    </ClCompile>
    <ClCompile Include="imgui\imgui_draw.cpp">
      <Filter>imgui</Filter>
    </ClCompile>
    <ClCompile Include="imgui\imgui_impl_dx12.cpp">
      <Filter>imgui</Filter>
    </ClCompile>
    <ClCompile Include="imgui\imgui_impl_win32.cpp">
      <Filter>imgui</Filter>
    </ClCompile>
    <ClCompile Include="imgui\imgui_tables.cpp">
      <Filter>imgui</Filter>
    </ClCompile>
    <ClCompile Include="imgui\imgui_widgets.cpp">
      <Filter>imgui</Filter>
    </ClCompile>
    <ClCompile Include="src\Pass\ImGuiPass.cpp">
      <Filter>src\Pass</Filter>
    </ClCompile>
    <ClCompile Include="imgui\imgui_demo.cpp">
      <Filter>imgui</Filter>
    </ClCompile>
    <ClCompile Include="src\Resource\Texture.cpp">
      <Filter>src\Resource</Filter>
    </ClCompile>
    <ClCompile Include="src\Resource\TextureManager.cpp">
      <Filter>src\Resource</Filter>
    </ClCompile>
    <ClCompile Include="src\Resource\MeshManager.cpp">
      <Filter>src\Resource</Filter>
    </ClCompile>
    <ClCompile Include="src\Scene\DemoScene.cpp">
      <Filter>src\Scene</Filter>
    </ClCompile>
    <ClCompile Include="src\Scene\SceneManager.cpp">
      <Filter>src\Scene</Filter>
    </ClCompile>
    <ClCompile Include="src\Pass\GeometryPass.cpp">
      <Filter>src\Pass</Filter>
    </ClCompile>
    <ClCompile Include="src\Pass\LightingPass.cpp">
      <Filter>src\Pass</Filter>
    </ClCompile>
  </ItemGroup>
  <ItemGroup>
    <ClInclude Include="include\Core\D3DUtil.h">
      <Filter>include\Core</Filter>
    </ClInclude>
    <ClInclude Include="include\App\Window.h">
      <Filter>include\App</Filter>
    </ClInclude>
    <ClInclude Include="include\Core\D3DDevice.h">
      <Filter>include\Core</Filter>
    </ClInclude>
    <ClInclude Include="include\Core\CommandQueue.h">
      <Filter>include\Core</Filter>
    </ClInclude>
    <ClInclude Include="include\Core\CommandList.h">
      <Filter>include\Core</Filter>
    </ClInclude>
    <ClInclude Include="include\Core\SwapChain.h">
      <Filter>include\Core</Filter>
    </ClInclude>
    <ClInclude Include="include\Core\PipelineState.h">
      <Filter>include\Core</Filter>
    </ClInclude>
    <ClInclude Include="include\Core\RootSignature.h">
      <Filter>include\Core</Filter>
    </ClInclude>
    <ClInclude Include="include\App\Timer.h">
      <Filter>include\App</Filter>
    </ClInclude>
    <ClInclude Include="include\Resource\UploadBuffer.h">
      <Filter>include\Resource</Filter>
    </ClInclude>
    <ClInclude Include="include\Resource\GeometryGenerator.h">
      <Filter>include\Resource</Filter>
    </ClInclude>
    <ClInclude Include="include\Resource\Mesh.h">
      <Filter>include\Resource</Filter>
    </ClInclude>
    <ClInclude Include="include\Resource\Vertex.h">
      <Filter>include\Resource</Filter>
    </ClInclude>
    <ClInclude Include="include\Scene\Camera.h">
      <Filter>include\Scene</Filter>
    </ClInclude>
    <ClInclude Include="include\App\InputManager.h">
      <Filter>include\App</Filter>
    </ClInclude>
    <ClInclude Include="include\Scene\RenderItem.h">
      <Filter>include\Scene</Filter>
    </ClInclude>
    <ClInclude Include="include\Pass\ForwardPass.h">
      <Filter>include\Pass</Filter>
    </ClInclude>
    <ClInclude Include="include\Pass\IRenderPass.h">
      <Filter>include\Pass</Filter>
    </ClInclude>
    <ClInclude Include="include\Scene\Scene.h">
      <Filter>include\Scene</Filter>
    </ClInclude>
    <ClInclude Include="include\Core\DescriptorHeap.h">
      <Filter>include\Core</Filter>
    </ClInclude>
    <ClInclude Include="include\Shaders\ShaderUtil.h">
      <Filter>include\Shaders</Filter>
    </ClInclude>
    <ClInclude Include="include\Pass\PassUtil.h">
      <Filter>include\Pass</Filter>
    </ClInclude>
    <ClInclude Include="include\Renderer.h">
      <Filter>include</Filter>
    </ClInclude>
    <ClInclude Include="include\Scene\Light.h">
      <Filter>include\Scene</Filter>
    </ClInclude>
    <ClInclude Include="include\Pass\ShadowPass.h">
      <Filter>include\Pass</Filter>
    </ClInclude>
    <ClInclude Include="imgui\imconfig.h">
      <Filter>imgui</Filter>
    </ClInclude>
    <ClInclude Include="imgui\imgui.h">
      <Filter>imgui</Filter>
    </ClInclude>
    <ClInclude Include="imgui\imgui_impl_dx12.h">
      <Filter>imgui</Filter>
    </ClInclude>
    <ClInclude Include="imgui\imgui_impl_win32.h">
      <Filter>imgui</Filter>
    </ClInclude>
    <ClInclude Include="imgui\imgui_internal.h">
      <Filter>imgui</Filter>
    </ClInclude>
    <ClInclude Include="imgui\imstb_rectpack.h">
      <Filter>imgui</Filter>
    </ClInclude>
    <ClInclude Include="imgui\imstb_textedit.h">
      <Filter>imgui</Filter>
    </ClInclude>
    <ClInclude Include="imgui\imstb_truetype.h">
      <Filter>imgui</Filter>
    </ClInclude>
    <ClInclude Include="include\Pass\ImGuiPass.h">
      <Filter>include\Pass</Filter>
    </ClInclude>
    <ClInclude Include="include\Resource\Texture.h">
      <Filter>include\Resource</Filter>
    </ClInclude>
    <ClInclude Include="include\Resource\TextureManager.h">
      <Filter>include\Resource</Filter>
    </ClInclude>
    <ClInclude Include="include\Resource\RenderContext.h">
      <Filter>include\Resource</Filter>
    </ClInclude>
    <ClInclude Include="include\Resource\MeshManager.h">
      <Filter>include\Resource</Filter>
    </ClInclude>
    <ClInclude Include="include\Scene\SceneDesc.h">
      <Filter>include\Scene</Filter>
    </ClInclude>
    <ClInclude Include="include\Scene\DemoScene.h">
      <Filter>include\Scene</Filter>
    </ClInclude>
    <ClInclude Include="include\Resource\PrimitiveDesc.h">
      <Filter>include\Resource</Filter>
    </ClInclude>
    <ClInclude Include="include\Pass\FrameResource.h">
      <Filter>include\Pass</Filter>
    </ClInclude>
    <ClInclude Include="include\Scene\SceneManager.h">
      <Filter>include\Scene</Filter>
    </ClInclude>
    <ClInclude Include="include\ThirdParty\stb_image.h">
      <Filter>include\ThirdParty</Filter>
    </ClInclude>
    <ClInclude Include="include\Pass\GeometryPass.h">
      <Filter>include\Pass</Filter>
    </ClInclude>
    <ClInclude Include="include\Pass\LightingPass.h">
      <Filter>include\Pass</Filter>
    </ClInclude>
  </ItemGroup>
  <ItemGroup>
    <FxCompile Include="src\Shaders\Triangle.hlsl">
      <Filter>src\Shaders</Filter>
    </FxCompile>
    <FxCompile Include="src\Shaders\Default.hlsl">
      <Filter>src\Shaders</Filter>
    </FxCompile>
    <FxCompile Include="src\Shaders\Light_BlinnPhong.hlsl">
      <Filter>src\Shaders</Filter>
    </FxCompile>
    <FxCompile Include="src\Shaders\Shadow.hlsl">
      <Filter>src\Shaders</Filter>
    </FxCompile>
    <FxCompile Include="src\Shaders\PBR_Tex.hlsl">
      <Filter>src\Shaders</Filter>
    </FxCompile>
    <FxCompile Include="src\Shaders\GBuffer.hlsl">
      <Filter>src\Shaders</Filter>
    </FxCompile>
    <FxCompile Include="src\Shaders\Lighting.hlsl">
      <Filter>src\Shaders</Filter>
    </FxCompile>
  </ItemGroup>
  <ItemGroup>
    <Image Include="assets\brick.png">
      <Filter>assets</Filter>
    </Image>
    <Image Include="assets\stone.png">
      <Filter>assets</Filter>
    </Image>
    <Image Include="assets\tile.png">
      <Filter>assets</Filter>
    </Image>
    <Image Include="assets\wood.png">
      <Filter>assets</Filter>
    </Image>
  </ItemGroup>
</Project>